// !$*UTF8*$!
{
	archiveVersion = 1;
	classes = {
	};
	objectVersion = 50;
	objects = {

/* Begin PBXBuildFile section */
		D8830B1324F7AE6200C90DE4 /* AppDelegate.swift in Sources */ = {isa = PBXBuildFile; fileRef = D8830B1224F7AE6200C90DE4 /* AppDelegate.swift */; };
		D8830B1524F7AE6200C90DE4 /* SceneDelegate.swift in Sources */ = {isa = PBXBuildFile; fileRef = D8830B1424F7AE6200C90DE4 /* SceneDelegate.swift */; };
		D8830B1724F7AE6200C90DE4 /* ViewController.swift in Sources */ = {isa = PBXBuildFile; fileRef = D8830B1624F7AE6200C90DE4 /* ViewController.swift */; };
		D8830B1A24F7AE6200C90DE4 /* Main.storyboard in Resources */ = {isa = PBXBuildFile; fileRef = D8830B1824F7AE6200C90DE4 /* Main.storyboard */; };
		D8830B1C24F7AE6400C90DE4 /* Assets.xcassets in Resources */ = {isa = PBXBuildFile; fileRef = D8830B1B24F7AE6400C90DE4 /* Assets.xcassets */; };
		D8830B1F24F7AE6400C90DE4 /* LaunchScreen.storyboard in Resources */ = {isa = PBXBuildFile; fileRef = D8830B1D24F7AE6400C90DE4 /* LaunchScreen.storyboard */; };
		D8830B2924F7B65A00C90DE4 /* Joke.swift in Sources */ = {isa = PBXBuildFile; fileRef = D8830B2824F7B65A00C90DE4 /* Joke.swift */; };
/* End PBXBuildFile section */

/* Begin PBXFileReference section */
		D8830B0F24F7AE6200C90DE4 /* ChuckNorris.app */ = {isa = PBXFileReference; explicitFileType = wrapper.application; includeInIndex = 0; path = ChuckNorris.app; sourceTree = BUILT_PRODUCTS_DIR; };
		D8830B1224F7AE6200C90DE4 /* AppDelegate.swift */ = {isa = PBXFileReference; lastKnownFileType = sourcecode.swift; path = AppDelegate.swift; sourceTree = "<group>"; };
		D8830B1424F7AE6200C90DE4 /* SceneDelegate.swift */ = {isa = PBXFileReference; lastKnownFileType = sourcecode.swift; path = SceneDelegate.swift; sourceTree = "<group>"; };
		D8830B1624F7AE6200C90DE4 /* ViewController.swift */ = {isa = PBXFileReference; lastKnownFileType = sourcecode.swift; path = ViewController.swift; sourceTree = "<group>"; };
		D8830B1924F7AE6200C90DE4 /* Base */ = {isa = PBXFileReference; lastKnownFileType = file.storyboard; name = Base; path = Base.lproj/Main.storyboard; sourceTree = "<group>"; };
		D8830B1B24F7AE6400C90DE4 /* Assets.xcassets */ = {isa = PBXFileReference; lastKnownFileType = folder.assetcatalog; path = Assets.xcassets; sourceTree = "<group>"; };
		D8830B1E24F7AE6400C90DE4 /* Base */ = {isa = PBXFileReference; lastKnownFileType = file.storyboard; name = Base; path = Base.lproj/LaunchScreen.storyboard; sourceTree = "<group>"; };
		D8830B2024F7AE6400C90DE4 /* Info.plist */ = {isa = PBXFileReference; lastKnownFileType = text.plist.xml; path = Info.plist; sourceTree = "<group>"; };
		D8830B2824F7B65A00C90DE4 /* Joke.swift */ = {isa = PBXFileReference; lastKnownFileType = sourcecode.swift; path = Joke.swift; sourceTree = "<group>"; };
/* End PBXFileReference section */

/* Begin PBXFrameworksBuildPhase section */
		D8830B0C24F7AE6200C90DE4 /* Frameworks */ = {
			isa = PBXFrameworksBuildPhase;
			buildActionMask = 2147483647;
			files = (
			);
			runOnlyForDeploymentPostprocessing = 0;
		};
/* End PBXFrameworksBuildPhase section */

/* Begin PBXGroup section */
		D8830B0624F7AE6200C90DE4 = {
			isa = PBXGroup;
			children = (
				D8830B1124F7AE6200C90DE4 /* ChuckNorris */,
				D8830B1024F7AE6200C90DE4 /* Products */,
			);
			sourceTree = "<group>";
		};
		D8830B1024F7AE6200C90DE4 /* Products */ = {
			isa = PBXGroup;
			children = (
				D8830B0F24F7AE6200C90DE4 /* ChuckNorris.app */,
			);
			name = Products;
			sourceTree = "<group>";
		};
		D8830B1124F7AE6200C90DE4 /* ChuckNorris */ = {
			isa = PBXGroup;
			children = (
				D8830B1224F7AE6200C90DE4 /* AppDelegate.swift */,
				D8830B1424F7AE6200C90DE4 /* SceneDelegate.swift */,
				D8830B1624F7AE6200C90DE4 /* ViewController.swift */,
				D8830B1824F7AE6200C90DE4 /* Main.storyboard */,
				D8830B2824F7B65A00C90DE4 /* Joke.swift */,
				D8830B1B24F7AE6400C90DE4 /* Assets.xcassets */,
				D8830B1D24F7AE6400C90DE4 /* LaunchScreen.storyboard */,
				D8830B2024F7AE6400C90DE4 /* Info.plist */,
			);
			path = ChuckNorris;
			sourceTree = "<group>";
		};
/* End PBXGroup section */

/* Begin PBXNativeTarget section */
		D8830B0E24F7AE6200C90DE4 /* ChuckNorris */ = {
			isa = PBXNativeTarget;
			buildConfigurationList = D8830B2324F7AE6400C90DE4 /* Build configuration list for PBXNativeTarget "ChuckNorris" */;
			buildPhases = (
				D8830B0B24F7AE6200C90DE4 /* Sources */,
				D8830B0C24F7AE6200C90DE4 /* Frameworks */,
				D8830B0D24F7AE6200C90DE4 /* Resources */,
			);
			buildRules = (
			);
			dependencies = (
			);
			name = ChuckNorris;
			productName = ChuckNorris;
			productReference = D8830B0F24F7AE6200C90DE4 /* ChuckNorris.app */;
			productType = "com.apple.product-type.application";
		};
/* End PBXNativeTarget section */

/* Begin PBXProject section */
		D8830B0724F7AE6200C90DE4 /* Project object */ = {
			isa = PBXProject;
			attributes = {
				LastSwiftUpdateCheck = 1160;
				LastUpgradeCheck = 1160;
				ORGANIZATIONNAME = "ZELIMKHAN MAGAMADOV";
				TargetAttributes = {
					D8830B0E24F7AE6200C90DE4 = {
						CreatedOnToolsVersion = 11.6;
					};
				};
			};
			buildConfigurationList = D8830B0A24F7AE6200C90DE4 /* Build configuration list for PBXProject "ChuckNorris" */;
			compatibilityVersion = "Xcode 9.3";
			developmentRegion = en;
			hasScannedForEncodings = 0;
			knownRegions = (
				en,
				Base,
			);
			mainGroup = D8830B0624F7AE6200C90DE4;
			productRefGroup = D8830B1024F7AE6200C90DE4 /* Products */;
			projectDirPath = "";
			projectRoot = "";
			targets = (
				D8830B0E24F7AE6200C90DE4 /* ChuckNorris */,
			);
		};
/* End PBXProject section */

/* Begin PBXResourcesBuildPhase section */
		D8830B0D24F7AE6200C90DE4 /* Resources */ = {
			isa = PBXResourcesBuildPhase;
			buildActionMask = 2147483647;
			files = (
				D8830B1F24F7AE6400C90DE4 /* LaunchScreen.storyboard in Resources */,
				D8830B1C24F7AE6400C90DE4 /* Assets.xcassets in Resources */,
				D8830B1A24F7AE6200C90DE4 /* Main.storyboard in Resources */,
			);
			runOnlyForDeploymentPostprocessing = 0;
		};
/* End PBXResourcesBuildPhase section */

/* Begin PBXSourcesBuildPhase section */
		D8830B0B24F7AE6200C90DE4 /* Sources */ = {
			isa = PBXSourcesBuildPhase;
			buildActionMask = 2147483647;
			files = (
				D8830B2924F7B65A00C90DE4 /* Joke.swift in Sources */,
				D8830B1724F7AE6200C90DE4 /* ViewController.swift in Sources */,
				D8830B1324F7AE6200C90DE4 /* AppDelegate.swift in Sources */,
				D8830B1524F7AE6200C90DE4 /* SceneDelegate.swift in Sources */,
			);
			runOnlyForDeploymentPostprocessing = 0;
		};
/* End PBXSourcesBuildPhase section */

/* Begin PBXVariantGroup section */
		D8830B1824F7AE6200C90DE4 /* Main.storyboard */ = {
			isa = PBXVariantGroup;
			children = (
				D8830B1924F7AE6200C90DE4 /* Base */,
			);
			name = Main.storyboard;
			sourceTree = "<group>";
		};
		D8830B1D24F7AE6400C90DE4 /* LaunchScreen.storyboard */ = {
			isa = PBXVariantGroup;
			children = (
				D8830B1E24F7AE6400C90DE4 /* Base */,
			);
			name = LaunchScreen.storyboard;
			sourceTree = "<group>";
		};
/* End PBXVariantGroup section */

/* Begin XCBuildConfiguration section */
		D8830B2124F7AE6400C90DE4 /* Debug */ = {
			isa = XCBuildConfiguration;
			buildSettings = {
				ALWAYS_SEARCH_USER_PATHS = NO;
				CLANG_ANALYZER_NONNULL = YES;
				CLANG_ANALYZER_NUMBER_OBJECT_CONVERSION = YES_AGGRESSIVE;
				CLANG_CXX_LANGUAGE_STANDARD = "gnu++14";
				CLANG_CXX_LIBRARY = "libc++";
				CLANG_ENABLE_MODULES = YES;
				CLANG_ENABLE_OBJC_ARC = YES;
				CLANG_ENABLE_OBJC_WEAK = YES;
				CLANG_WARN_BLOCK_CAPTURE_AUTORELEASING = YES;
				CLANG_WARN_BOOL_CONVERSION = YES;
				CLANG_WARN_COMMA = YES;
				CLANG_WARN_CONSTANT_CONVERSION = YES;
				CLANG_WARN_DEPRECATED_OBJC_IMPLEMENTATIONS = YES;
				CLANG_WARN_DIRECT_OBJC_ISA_USAGE = YES_ERROR;
				CLANG_WARN_DOCUMENTATION_COMMENTS = YES;
				CLANG_WARN_EMPTY_BODY = YES;
				CLANG_WARN_ENUM_CONVERSION = YES;
				CLANG_WARN_INFINITE_RECURSION = YES;
				CLANG_WARN_INT_CONVERSION = YES;
				CLANG_WARN_NON_LITERAL_NULL_CONVERSION = YES;
				CLANG_WARN_OBJC_IMPLICIT_RETAIN_SELF = YES;
				CLANG_WARN_OBJC_LITERAL_CONVERSION = YES;
				CLANG_WARN_OBJC_ROOT_CLASS = YES_ERROR;
				CLANG_WARN_RANGE_LOOP_ANALYSIS = YES;
				CLANG_WARN_STRICT_PROTOTYPES = YES;
				CLANG_WARN_SUSPICIOUS_MOVE = YES;
				CLANG_WARN_UNGUARDED_AVAILABILITY = YES_AGGRESSIVE;
				CLANG_WARN_UNREACHABLE_CODE = YES;
				CLANG_WARN__DUPLICATE_METHOD_MATCH = YES;
				COPY_PHASE_STRIP = NO;
				DEBUG_INFORMATION_FORMAT = dwarf;
				ENABLE_STRICT_OBJC_MSGSEND = YES;
				ENABLE_TESTABILITY = YES;
				GCC_C_LANGUAGE_STANDARD = gnu11;
				GCC_DYNAMIC_NO_PIC = NO;
				GCC_NO_COMMON_BLOCKS = YES;
				GCC_OPTIMIZATION_LEVEL = 0;
				GCC_PREPROCESSOR_DEFINITIONS = (
					"DEBUG=1",
					"$(inherited)",
				);
				GCC_WARN_64_TO_32_BIT_CONVERSION = YES;
				GCC_WARN_ABOUT_RETURN_TYPE = YES_ERROR;
				GCC_WARN_UNDECLARED_SELECTOR = YES;
				GCC_WARN_UNINITIALIZED_AUTOS = YES_AGGRESSIVE;
				GCC_WARN_UNUSED_FUNCTION = YES;
				GCC_WARN_UNUSED_VARIABLE = YES;
				IPHONEOS_DEPLOYMENT_TARGET = 13.6;
				MTL_ENABLE_DEBUG_INFO = INCLUDE_SOURCE;
				MTL_FAST_MATH = YES;
				ONLY_ACTIVE_ARCH = YES;
				SDKROOT = iphoneos;
				SWIFT_ACTIVE_COMPILATION_CONDITIONS = DEBUG;
				SWIFT_OPTIMIZATION_LEVEL = "-Onone";
			};
			name = Debug;
		};
		D8830B2224F7AE6400C90DE4 /* Release */ = {
			isa = XCBuildConfiguration;
			buildSettings = {
				ALWAYS_SEARCH_USER_PATHS = NO;
				CLANG_ANALYZER_NONNULL = YES;
				CLANG_ANALYZER_NUMBER_OBJECT_CONVERSION = YES_AGGRESSIVE;
				CLANG_CXX_LANGUAGE_STANDARD = "gnu++14";
				CLANG_CXX_LIBRARY = "libc++";
				CLANG_ENABLE_MODULES = YES;
				CLANG_ENABLE_OBJC_ARC = YES;
				CLANG_ENABLE_OBJC_WEAK = YES;
				CLANG_WARN_BLOCK_CAPTURE_AUTORELEASING = YES;
				CLANG_WARN_BOOL_CONVERSION = YES;
				CLANG_WARN_COMMA = YES;
				CLANG_WARN_CONSTANT_CONVERSION = YES;
				CLANG_WARN_DEPRECATED_OBJC_IMPLEMENTATIONS = YES;
				CLANG_WARN_DIRECT_OBJC_ISA_USAGE = YES_ERROR;
				CLANG_WARN_DOCUMENTATION_COMMENTS = YES;
				CLANG_WARN_EMPTY_BODY = YES;
				CLANG_WARN_ENUM_CONVERSION = YES;
				CLANG_WARN_INFINITE_RECURSION = YES;
				CLANG_WARN_INT_CONVERSION = YES;
				CLANG_WARN_NON_LITERAL_NULL_CONVERSION = YES;
				CLANG_WARN_OBJC_IMPLICIT_RETAIN_SELF = YES;
				CLANG_WARN_OBJC_LITERAL_CONVERSION = YES;
				CLANG_WARN_OBJC_ROOT_CLASS = YES_ERROR;
				CLANG_WARN_RANGE_LOOP_ANALYSIS = YES;
				CLANG_WARN_STRICT_PROTOTYPES = YES;
				CLANG_WARN_SUSPICIOUS_MOVE = YES;
				CLANG_WARN_UNGUARDED_AVAILABILITY = YES_AGGRESSIVE;
				CLANG_WARN_UNREACHABLE_CODE = YES;
				CLANG_WARN__DUPLICATE_METHOD_MATCH = YES;
				COPY_PHASE_STRIP = NO;
				DEBUG_INFORMATION_FORMAT = "dwarf-with-dsym";
				ENABLE_NS_ASSERTIONS = NO;
				ENABLE_STRICT_OBJC_MSGSEND = YES;
				GCC_C_LANGUAGE_STANDARD = gnu11;
				GCC_NO_COMMON_BLOCKS = YES;
				GCC_WARN_64_TO_32_BIT_CONVERSION = YES;
				GCC_WARN_ABOUT_RETURN_TYPE = YES_ERROR;
				GCC_WARN_UNDECLARED_SELECTOR = YES;
				GCC_WARN_UNINITIALIZED_AUTOS = YES_AGGRESSIVE;
				GCC_WARN_UNUSED_FUNCTION = YES;
				GCC_WARN_UNUSED_VARIABLE = YES;
				IPHONEOS_DEPLOYMENT_TARGET = 13.6;
				MTL_ENABLE_DEBUG_INFO = NO;
				MTL_FAST_MATH = YES;
				SDKROOT = iphoneos;
				SWIFT_COMPILATION_MODE = wholemodule;
				SWIFT_OPTIMIZATION_LEVEL = "-O";
				VALIDATE_PRODUCT = YES;
			};
			name = Release;
		};
		D8830B2424F7AE6400C90DE4 /* Debug */ = {
			isa = XCBuildConfiguration;
			buildSettings = {
				ASSETCATALOG_COMPILER_APPICON_NAME = AppIcon;
				CODE_SIGN_STYLE = Automatic;
				DEVELOPMENT_TEAM = H2KE9Y5SS5;
				INFOPLIST_FILE = ChuckNorris/Info.plist;
				LD_RUNPATH_SEARCH_PATHS = (
					"$(inherited)",
					"@executable_path/Frameworks",
				);
				PRODUCT_BUNDLE_IDENTIFIER = mgmzlm.ChuckNorris;
				PRODUCT_NAME = "$(TARGET_NAME)";
				SWIFT_VERSION = 5.0;
				TARGETED_DEVICE_FAMILY = "1,2";
			};
			name = Debug;
		};
		D8830B2524F7AE6400C90DE4 /* Release */ = {
			isa = XCBuildConfiguration;
			buildSettings = {
				ASSETCATALOG_COMPILER_APPICON_NAME = AppIcon;
				CODE_SIGN_STYLE = Automatic;
				DEVELOPMENT_TEAM = H2KE9Y5SS5;
				INFOPLIST_FILE = ChuckNorris/Info.plist;
				LD_RUNPATH_SEARCH_PATHS = (
					"$(inherited)",
					"@executable_path/Frameworks",
				);
				PRODUCT_BUNDLE_IDENTIFIER = mgmzlm.ChuckNorris;
				PRODUCT_NAME = "$(TARGET_NAME)";
				SWIFT_VERSION = 5.0;
				TARGETED_DEVICE_FAMILY = "1,2";
			};
			name = Release;
		};
/* End XCBuildConfiguration section */

/* Begin XCConfigurationList section */
		D8830B0A24F7AE6200C90DE4 /* Build configuration list for PBXProject "ChuckNorris" */ = {
			isa = XCConfigurationList;
			buildConfigurations = (
				D8830B2124F7AE6400C90DE4 /* Debug */,
				D8830B2224F7AE6400C90DE4 /* Release */,
			);
			defaultConfigurationIsVisible = 0;
			defaultConfigurationName = Release;
		};
		D8830B2324F7AE6400C90DE4 /* Build configuration list for PBXNativeTarget "ChuckNorris" */ = {
			isa = XCConfigurationList;
			buildConfigurations = (
				D8830B2424F7AE6400C90DE4 /* Debug */,
				D8830B2524F7AE6400C90DE4 /* Release */,
			);
			defaultConfigurationIsVisible = 0;
			defaultConfigurationName = Release;
		};
/* End XCConfigurationList section */
	};
	rootObject = D8830B0724F7AE6200C90DE4 /* Project object */;
}
